// !$*UTF8*$!
{
	archiveVersion = 1;
	classes = {
	};
	objectVersion = 46;
	objects = {

/* Begin PBXBuildFile section */
		AD7905D01C1582A600436632 /* main.m in Sources */ = {isa = PBXBuildFile; fileRef = AD7905CF1C1582A600436632 /* main.m */; };
		AD7905D31C1582A600436632 /* AppDelegate.m in Sources */ = {isa = PBXBuildFile; fileRef = AD7905D21C1582A600436632 /* AppDelegate.m */; };
		AD7905D61C1582A600436632 /* ViewController.m in Sources */ = {isa = PBXBuildFile; fileRef = AD7905D51C1582A600436632 /* ViewController.m */; };
		AD7905D91C1582A600436632 /* Main.storyboard in Resources */ = {isa = PBXBuildFile; fileRef = AD7905D71C1582A600436632 /* Main.storyboard */; };
		AD7905DB1C1582A600436632 /* Images.xcassets in Resources */ = {isa = PBXBuildFile; fileRef = AD7905DA1C1582A600436632 /* Images.xcassets */; };
		AD7905DE1C1582A600436632 /* LaunchScreen.xib in Resources */ = {isa = PBXBuildFile; fileRef = AD7905DC1C1582A600436632 /* LaunchScreen.xib */; };
		AD7905EA1C1582A600436632 /* ExpandingButtonDemoTests.m in Sources */ = {isa = PBXBuildFile; fileRef = AD7905E91C1582A600436632 /* ExpandingButtonDemoTests.m */; };
		AD7905F41C15848D00436632 /* btn_quickoption_route.png in Resources */ = {isa = PBXBuildFile; fileRef = AD7905F31C15848D00436632 /* btn_quickoption_route.png */; };
		AD7905F71C167BD000436632 /* submit_pressed.png in Resources */ = {isa = PBXBuildFile; fileRef = AD7905F51C167BD000436632 /* submit_pressed.png */; };
		AD7905F81C167BD000436632 /* sumitmood.png in Resources */ = {isa = PBXBuildFile; fileRef = AD7905F61C167BD000436632 /* sumitmood.png */; };
		AD7905FB1C16AFD400436632 /* ExpandingButtonExpanded.jpg in Resources */ = {isa = PBXBuildFile; fileRef = AD7905F91C16AFD400436632 /* ExpandingButtonExpanded.jpg */; };
		AD7905FC1C16AFD400436632 /* ExpandingButtonNot.jpg in Resources */ = {isa = PBXBuildFile; fileRef = AD7905FA1C16AFD400436632 /* ExpandingButtonNot.jpg */; };
/* End PBXBuildFile section */

/* Begin PBXContainerItemProxy section */
		AD7905E41C1582A600436632 /* PBXContainerItemProxy */ = {
			isa = PBXContainerItemProxy;
			containerPortal = AD7905C21C1582A600436632 /* Project object */;
			proxyType = 1;
			remoteGlobalIDString = AD7905C91C1582A600436632;
			remoteInfo = ExpandingButtonDemo;
		};
/* End PBXContainerItemProxy section */

/* Begin PBXFileReference section */
		AD7905CA1C1582A600436632 /* ExpandingButtonDemo.app */ = {isa = PBXFileReference; explicitFileType = wrapper.application; includeInIndex = 0; path = ExpandingButtonDemo.app; sourceTree = BUILT_PRODUCTS_DIR; };
		AD7905CE1C1582A600436632 /* Info.plist */ = {isa = PBXFileReference; lastKnownFileType = text.plist.xml; path = Info.plist; sourceTree = "<group>"; };
		AD7905CF1C1582A600436632 /* main.m */ = {isa = PBXFileReference; lastKnownFileType = sourcecode.c.objc; path = main.m; sourceTree = "<group>"; };
		AD7905D11C1582A600436632 /* AppDelegate.h */ = {isa = PBXFileReference; lastKnownFileType = sourcecode.c.h; path = AppDelegate.h; sourceTree = "<group>"; };
		AD7905D21C1582A600436632 /* AppDelegate.m */ = {isa = PBXFileReference; lastKnownFileType = sourcecode.c.objc; path = AppDelegate.m; sourceTree = "<group>"; };
		AD7905D41C1582A600436632 /* ViewController.h */ = {isa = PBXFileReference; lastKnownFileType = sourcecode.c.h; path = ViewController.h; sourceTree = "<group>"; };
		AD7905D51C1582A600436632 /* ViewController.m */ = {isa = PBXFileReference; lastKnownFileType = sourcecode.c.objc; path = ViewController.m; sourceTree = "<group>"; };
		AD7905D81C1582A600436632 /* Base */ = {isa = PBXFileReference; lastKnownFileType = file.storyboard; name = Base; path = Base.lproj/Main.storyboard; sourceTree = "<group>"; };
		AD7905DA1C1582A600436632 /* Images.xcassets */ = {isa = PBXFileReference; lastKnownFileType = folder.assetcatalog; path = Images.xcassets; sourceTree = "<group>"; };
		AD7905DD1C1582A600436632 /* Base */ = {isa = PBXFileReference; lastKnownFileType = file.xib; name = Base; path = Base.lproj/LaunchScreen.xib; sourceTree = "<group>"; };
		AD7905E31C1582A600436632 /* ExpandingButtonDemoTests.xctest */ = {isa = PBXFileReference; explicitFileType = wrapper.cfbundle; includeInIndex = 0; path = ExpandingButtonDemoTests.xctest; sourceTree = BUILT_PRODUCTS_DIR; };
		AD7905E81C1582A600436632 /* Info.plist */ = {isa = PBXFileReference; lastKnownFileType = text.plist.xml; path = Info.plist; sourceTree = "<group>"; };
		AD7905E91C1582A600436632 /* ExpandingButtonDemoTests.m */ = {isa = PBXFileReference; lastKnownFileType = sourcecode.c.objc; path = ExpandingButtonDemoTests.m; sourceTree = "<group>"; };
		AD7905F31C15848D00436632 /* btn_quickoption_route.png */ = {isa = PBXFileReference; lastKnownFileType = image.png; path = btn_quickoption_route.png; sourceTree = "<group>"; };
		AD7905F51C167BD000436632 /* submit_pressed.png */ = {isa = PBXFileReference; lastKnownFileType = image.png; path = submit_pressed.png; sourceTree = "<group>"; };
		AD7905F61C167BD000436632 /* sumitmood.png */ = {isa = PBXFileReference; lastKnownFileType = image.png; path = sumitmood.png; sourceTree = "<group>"; };
		AD7905F91C16AFD400436632 /* ExpandingButtonExpanded.jpg */ = {isa = PBXFileReference; lastKnownFileType = image.jpeg; path = ExpandingButtonExpanded.jpg; sourceTree = "<group>"; };
		AD7905FA1C16AFD400436632 /* ExpandingButtonNot.jpg */ = {isa = PBXFileReference; lastKnownFileType = image.jpeg; path = ExpandingButtonNot.jpg; sourceTree = "<group>"; };
/* End PBXFileReference section */

/* Begin PBXFrameworksBuildPhase section */
		AD7905C71C1582A600436632 /* Frameworks */ = {
			isa = PBXFrameworksBuildPhase;
			buildActionMask = 2147483647;
			files = (
			);
			runOnlyForDeploymentPostprocessing = 0;
		};
		AD7905E01C1582A600436632 /* Frameworks */ = {
			isa = PBXFrameworksBuildPhase;
			buildActionMask = 2147483647;
			files = (
			);
			runOnlyForDeploymentPostprocessing = 0;
		};
/* End PBXFrameworksBuildPhase section */

/* Begin PBXGroup section */
		AD7905C11C1582A600436632 = {
			isa = PBXGroup;
			children = (
				AD7905CC1C1582A600436632 /* ExpandingButtonDemo */,
				AD7905E61C1582A600436632 /* ExpandingButtonDemoTests */,
				AD7905CB1C1582A600436632 /* Products */,
				AD7905F91C16AFD400436632 /* ExpandingButtonExpanded.jpg */,
				AD7905FA1C16AFD400436632 /* ExpandingButtonNot.jpg */,
			);
			sourceTree = "<group>";
		};
		AD7905CB1C1582A600436632 /* Products */ = {
			isa = PBXGroup;
			children = (
				AD7905CA1C1582A600436632 /* ExpandingButtonDemo.app */,
				AD7905E31C1582A600436632 /* ExpandingButtonDemoTests.xctest */,
			);
			name = Products;
			sourceTree = "<group>";
		};
		AD7905CC1C1582A600436632 /* ExpandingButtonDemo */ = {
			isa = PBXGroup;
			children = (
				AD7905D11C1582A600436632 /* AppDelegate.h */,
				AD7905D21C1582A600436632 /* AppDelegate.m */,
				AD7905D41C1582A600436632 /* ViewController.h */,
				AD7905D51C1582A600436632 /* ViewController.m */,
				AD7905D71C1582A600436632 /* Main.storyboard */,
				AD7905DA1C1582A600436632 /* Images.xcassets */,
				AD7905DC1C1582A600436632 /* LaunchScreen.xib */,
				AD7905CD1C1582A600436632 /* Supporting Files */,
			);
			path = ExpandingButtonDemo;
			sourceTree = "<group>";
		};
		AD7905CD1C1582A600436632 /* Supporting Files */ = {
			isa = PBXGroup;
			children = (
				AD7905CE1C1582A600436632 /* Info.plist */,
				AD7905CF1C1582A600436632 /* main.m */,
				AD7905F31C15848D00436632 /* btn_quickoption_route.png */,
				AD7905F51C167BD000436632 /* submit_pressed.png */,
				AD7905F61C167BD000436632 /* sumitmood.png */,
			);
			name = "Supporting Files";
			sourceTree = "<group>";
		};
		AD7905E61C1582A600436632 /* ExpandingButtonDemoTests */ = {
			isa = PBXGroup;
			children = (
				AD7905E91C1582A600436632 /* ExpandingButtonDemoTests.m */,
				AD7905E71C1582A600436632 /* Supporting Files */,
			);
			path = ExpandingButtonDemoTests;
			sourceTree = "<group>";
		};
		AD7905E71C1582A600436632 /* Supporting Files */ = {
			isa = PBXGroup;
			children = (
				AD7905E81C1582A600436632 /* Info.plist */,
			);
			name = "Supporting Files";
			sourceTree = "<group>";
		};
/* End PBXGroup section */

/* Begin PBXNativeTarget section */
		AD7905C91C1582A600436632 /* ExpandingButtonDemo */ = {
			isa = PBXNativeTarget;
			buildConfigurationList = AD7905ED1C1582A600436632 /* Build configuration list for PBXNativeTarget "ExpandingButtonDemo" */;
			buildPhases = (
				AD7905C61C1582A600436632 /* Sources */,
				AD7905C71C1582A600436632 /* Frameworks */,
				AD7905C81C1582A600436632 /* Resources */,
			);
			buildRules = (
			);
			dependencies = (
			);
			name = ExpandingButtonDemo;
			productName = ExpandingButtonDemo;
			productReference = AD7905CA1C1582A600436632 /* ExpandingButtonDemo.app */;
			productType = "com.apple.product-type.application";
		};
		AD7905E21C1582A600436632 /* ExpandingButtonDemoTests */ = {
			isa = PBXNativeTarget;
			buildConfigurationList = AD7905F01C1582A600436632 /* Build configuration list for PBXNativeTarget "ExpandingButtonDemoTests" */;
			buildPhases = (
				AD7905DF1C1582A600436632 /* Sources */,
				AD7905E01C1582A600436632 /* Frameworks */,
				AD7905E11C1582A600436632 /* Resources */,
			);
			buildRules = (
			);
			dependencies = (
				AD7905E51C1582A600436632 /* PBXTargetDependency */,
			);
			name = ExpandingButtonDemoTests;
			productName = ExpandingButtonDemoTests;
			productReference = AD7905E31C1582A600436632 /* ExpandingButtonDemoTests.xctest */;
			productType = "com.apple.product-type.bundle.unit-test";
		};
/* End PBXNativeTarget section */

/* Begin PBXProject section */
		AD7905C21C1582A600436632 /* Project object */ = {
			isa = PBXProject;
			attributes = {
				LastUpgradeCheck = 0640;
				ORGANIZATIONNAME = csdc;
				TargetAttributes = {
					AD7905C91C1582A600436632 = {
						CreatedOnToolsVersion = 6.4;
					};
					AD7905E21C1582A600436632 = {
						CreatedOnToolsVersion = 6.4;
						TestTargetID = AD7905C91C1582A600436632;
					};
				};
			};
			buildConfigurationList = AD7905C51C1582A600436632 /* Build configuration list for PBXProject "ExpandingButtonDemo" */;
			compatibilityVersion = "Xcode 3.2";
			developmentRegion = English;
			hasScannedForEncodings = 0;
			knownRegions = (
				en,
				Base,
			);
			mainGroup = AD7905C11C1582A600436632;
			productRefGroup = AD7905CB1C1582A600436632 /* Products */;
			projectDirPath = "";
			projectRoot = "";
			targets = (
				AD7905C91C1582A600436632 /* ExpandingButtonDemo */,
				AD7905E21C1582A600436632 /* ExpandingButtonDemoTests */,
			);
		};
/* End PBXProject section */

/* Begin PBXResourcesBuildPhase section */
		AD7905C81C1582A600436632 /* Resources */ = {
			isa = PBXResourcesBuildPhase;
			buildActionMask = 2147483647;
			files = (
				AD7905FC1C16AFD400436632 /* ExpandingButtonNot.jpg in Resources */,
				AD7905D91C1582A600436632 /* Main.storyboard in Resources */,
				AD7905F71C167BD000436632 /* submit_pressed.png in Resources */,
				AD7905DE1C1582A600436632 /* LaunchScreen.xib in Resources */,
				AD7905FB1C16AFD400436632 /* ExpandingButtonExpanded.jpg in Resources */,
				AD7905DB1C1582A600436632 /* Images.xcassets in Resources */,
				AD7905F41C15848D00436632 /* btn_quickoption_route.png in Resources */,
				AD7905F81C167BD000436632 /* sumitmood.png in Resources */,
			);
			runOnlyForDeploymentPostprocessing = 0;
		};
		AD7905E11C1582A600436632 /* Resources */ = {
			isa = PBXResourcesBuildPhase;
			buildActionMask = 2147483647;
			files = (
			);
			runOnlyForDeploymentPostprocessing = 0;
		};
/* End PBXResourcesBuildPhase section */

/* Begin PBXSourcesBuildPhase section */
		AD7905C61C1582A600436632 /* Sources */ = {
			isa = PBXSourcesBuildPhase;
			buildActionMask = 2147483647;
			files = (
				AD7905D61C1582A600436632 /* ViewController.m in Sources */,
				AD7905D31C1582A600436632 /* AppDelegate.m in Sources */,
				AD7905D01C1582A600436632 /* main.m in Sources */,
			);
			runOnlyForDeploymentPostprocessing = 0;
		};
		AD7905DF1C1582A600436632 /* Sources */ = {
			isa = PBXSourcesBuildPhase;
			buildActionMask = 2147483647;
			files = (
				AD7905EA1C1582A600436632 /* ExpandingButtonDemoTests.m in Sources */,
			);
			runOnlyForDeploymentPostprocessing = 0;
		};
/* End PBXSourcesBuildPhase section */

/* Begin PBXTargetDependency section */
		AD7905E51C1582A600436632 /* PBXTargetDependency */ = {
			isa = PBXTargetDependency;
			target = AD7905C91C1582A600436632 /* ExpandingButtonDemo */;
			targetProxy = AD7905E41C1582A600436632 /* PBXContainerItemProxy */;
		};
/* End PBXTargetDependency section */

/* Begin PBXVariantGroup section */
		AD7905D71C1582A600436632 /* Main.storyboard */ = {
			isa = PBXVariantGroup;
			children = (
				AD7905D81C1582A600436632 /* Base */,
			);
			name = Main.storyboard;
			sourceTree = "<group>";
		};
		AD7905DC1C1582A600436632 /* LaunchScreen.xib */ = {
			isa = PBXVariantGroup;
			children = (
				AD7905DD1C1582A600436632 /* Base */,
			);
			name = LaunchScreen.xib;
			sourceTree = "<group>";
		};
/* End PBXVariantGroup section */

/* Begin XCBuildConfiguration section */
		AD7905EB1C1582A600436632 /* Debug */ = {
			isa = XCBuildConfiguration;
			buildSettings = {
				ALWAYS_SEARCH_USER_PATHS = NO;
				CLANG_CXX_LANGUAGE_STANDARD = "gnu++0x";
				CLANG_CXX_LIBRARY = "libc++";
				CLANG_ENABLE_MODULES = YES;
				CLANG_ENABLE_OBJC_ARC = YES;
				CLANG_WARN_BOOL_CONVERSION = YES;
				CLANG_WARN_CONSTANT_CONVERSION = YES;
				CLANG_WARN_DIRECT_OBJC_ISA_USAGE = YES_ERROR;
				CLANG_WARN_EMPTY_BODY = YES;
				CLANG_WARN_ENUM_CONVERSION = YES;
				CLANG_WARN_INT_CONVERSION = YES;
				CLANG_WARN_OBJC_ROOT_CLASS = YES_ERROR;
				CLANG_WARN_UNREACHABLE_CODE = YES;
				CLANG_WARN__DUPLICATE_METHOD_MATCH = YES;
				"CODE_SIGN_IDENTITY[sdk=iphoneos*]" = "iPhone Developer";
				COPY_PHASE_STRIP = NO;
				DEBUG_INFORMATION_FORMAT = "dwarf-with-dsym";
				ENABLE_STRICT_OBJC_MSGSEND = YES;
				GCC_C_LANGUAGE_STANDARD = gnu99;
				GCC_DYNAMIC_NO_PIC = NO;
				GCC_NO_COMMON_BLOCKS = YES;
				GCC_OPTIMIZATION_LEVEL = 0;
				GCC_PREPROCESSOR_DEFINITIONS = (
					"DEBUG=1",
					"$(inherited)",
				);
				GCC_SYMBOLS_PRIVATE_EXTERN = NO;
				GCC_WARN_64_TO_32_BIT_CONVERSION = YES;
				GCC_WARN_ABOUT_RETURN_TYPE = YES_ERROR;
				GCC_WARN_UNDECLARED_SELECTOR = YES;
				GCC_WARN_UNINITIALIZED_AUTOS = YES_AGGRESSIVE;
				GCC_WARN_UNUSED_FUNCTION = YES;
				GCC_WARN_UNUSED_VARIABLE = YES;
				IPHONEOS_DEPLOYMENT_TARGET = 8.4;
				MTL_ENABLE_DEBUG_INFO = YES;
				ONLY_ACTIVE_ARCH = YES;
				SDKROOT = iphoneos;
			};
			name = Debug;
		};
		AD7905EC1C1582A600436632 /* Release */ = {
			isa = XCBuildConfiguration;
			buildSettings = {
				ALWAYS_SEARCH_USER_PATHS = NO;
				CLANG_CXX_LANGUAGE_STANDARD = "gnu++0x";
				CLANG_CXX_LIBRARY = "libc++";
				CLANG_ENABLE_MODULES = YES;
				CLANG_ENABLE_OBJC_ARC = YES;
				CLANG_WARN_BOOL_CONVERSION = YES;
				CLANG_WARN_CONSTANT_CONVERSION = YES;
				CLANG_WARN_DIRECT_OBJC_ISA_USAGE = YES_ERROR;
				CLANG_WARN_EMPTY_BODY = YES;
				CLANG_WARN_ENUM_CONVERSION = YES;
				CLANG_WARN_INT_CONVERSION = YES;
				CLANG_WARN_OBJC_ROOT_CLASS = YES_ERROR;
				CLANG_WARN_UNREACHABLE_CODE = YES;
				CLANG_WARN__DUPLICATE_METHOD_MATCH = YES;
				"CODE_SIGN_IDENTITY[sdk=iphoneos*]" = "iPhone Developer";
				COPY_PHASE_STRIP = NO;
				DEBUG_INFORMATION_FORMAT = "dwarf-with-dsym";
				ENABLE_NS_ASSERTIONS = NO;
				ENABLE_STRICT_OBJC_MSGSEND = YES;
				GCC_C_LANGUAGE_STANDARD = gnu99;
				GCC_NO_COMMON_BLOCKS = YES;
				GCC_WARN_64_TO_32_BIT_CONVERSION = YES;
				GCC_WARN_ABOUT_RETURN_TYPE = YES_ERROR;
				GCC_WARN_UNDECLARED_SELECTOR = YES;
				GCC_WARN_UNINITIALIZED_AUTOS = YES_AGGRESSIVE;
				GCC_WARN_UNUSED_FUNCTION = YES;
				GCC_WARN_UNUSED_VARIABLE = YES;
				IPHONEOS_DEPLOYMENT_TARGET = 8.4;
				MTL_ENABLE_DEBUG_INFO = NO;
				SDKROOT = iphoneos;
				VALIDATE_PRODUCT = YES;
			};
			name = Release;
		};
		AD7905EE1C1582A600436632 /* Debug */ = {
			isa = XCBuildConfiguration;
			buildSettings = {
				ASSETCATALOG_COMPILER_APPICON_NAME = AppIcon;
				INFOPLIST_FILE = ExpandingButtonDemo/Info.plist;
				LD_RUNPATH_SEARCH_PATHS = "$(inherited) @executable_path/Frameworks";
				PRODUCT_NAME = "$(TARGET_NAME)";
			};
			name = Debug;
		};
		AD7905EF1C1582A600436632 /* Release */ = {
			isa = XCBuildConfiguration;
			buildSettings = {
				ASSETCATALOG_COMPILER_APPICON_NAME = AppIcon;
				INFOPLIST_FILE = ExpandingButtonDemo/Info.plist;
				LD_RUNPATH_SEARCH_PATHS = "$(inherited) @executable_path/Frameworks";
				PRODUCT_NAME = "$(TARGET_NAME)";
			};
			name = Release;
		};
		AD7905F11C1582A600436632 /* Debug */ = {
			isa = XCBuildConfiguration;
			buildSettings = {
				BUNDLE_LOADER = "$(TEST_HOST)";
				FRAMEWORK_SEARCH_PATHS = (
					"$(SDKROOT)/Developer/Library/Frameworks",
					"$(inherited)",
				);
				GCC_PREPROCESSOR_DEFINITIONS = (
					"DEBUG=1",
					"$(inherited)",
				);
				INFOPLIST_FILE = ExpandingButtonDemoTests/Info.plist;
				LD_RUNPATH_SEARCH_PATHS = "$(inherited) @executable_path/Frameworks @loader_path/Frameworks";
				PRODUCT_NAME = "$(TARGET_NAME)";
				TEST_HOST = "$(BUILT_PRODUCTS_DIR)/ExpandingButtonDemo.app/ExpandingButtonDemo";
			};
			name = Debug;
		};
		AD7905F21C1582A600436632 /* Release */ = {
			isa = XCBuildConfiguration;
			buildSettings = {
				BUNDLE_LOADER = "$(TEST_HOST)";
				FRAMEWORK_SEARCH_PATHS = (
					"$(SDKROOT)/Developer/Library/Frameworks",
					"$(inherited)",
				);
				INFOPLIST_FILE = ExpandingButtonDemoTests/Info.plist;
				LD_RUNPATH_SEARCH_PATHS = "$(inherited) @executable_path/Frameworks @loader_path/Frameworks";
				PRODUCT_NAME = "$(TARGET_NAME)";
				TEST_HOST = "$(BUILT_PRODUCTS_DIR)/ExpandingButtonDemo.app/ExpandingButtonDemo";
			};
			name = Release;
		};
/* End XCBuildConfiguration section */

/* Begin XCConfigurationList section */
		AD7905C51C1582A600436632 /* Build configuration list for PBXProject "ExpandingButtonDemo" */ = {
			isa = XCConfigurationList;
			buildConfigurations = (
				AD7905EB1C1582A600436632 /* Debug */,
				AD7905EC1C1582A600436632 /* Release */,
			);
			defaultConfigurationIsVisible = 0;
			defaultConfigurationName = Release;
		};
		AD7905ED1C1582A600436632 /* Build configuration list for PBXNativeTarget "ExpandingButtonDemo" */ = {
			isa = XCConfigurationList;
			buildConfigurations = (
				AD7905EE1C1582A600436632 /* Debug */,
				AD7905EF1C1582A600436632 /* Release */,
			);
			defaultConfigurationIsVisible = 0;
			defaultConfigurationName = Release;
		};
		AD7905F01C1582A600436632 /* Build configuration list for PBXNativeTarget "ExpandingButtonDemoTests" */ = {
			isa = XCConfigurationList;
			buildConfigurations = (
				AD7905F11C1582A600436632 /* Debug */,
				AD7905F21C1582A600436632 /* Release */,
			);
			defaultConfigurationIsVisible = 0;
			defaultConfigurationName = Release;
		};
/* End XCConfigurationList section */
	};
	rootObject = AD7905C21C1582A600436632 /* Project object */;
}
